
Microsoft Visual Studio Solution File, Format Version 12.00
# Visual Studio Version 16
VisualStudioVersion = 16.0.29519.181
MinimumVisualStudioVersion = 10.0.40219.1
Project("{FAE04EC0-301F-11D3-BF4B-00C04F79EFBC}") = "Picture Game", "Picture Game\Picture Game.csproj", "{8E7E64E2-B4A6-4C0E-8135-1C13D0416318}"
EndProject
Global
	GlobalSection(SolutionConfigurationPlatforms) = preSolution
		Debug|Any CPU = Debug|Any CPU
		Release|Any CPU = Release|Any CPU
	EndGlobalSection
	GlobalSection(ProjectConfigurationPlatforms) = postSolution
		{8E7E64E2-B4A6-4C0E-8135-1C13D0416318}.Debug|Any CPU.ActiveCfg = Debug|Any CPU
		{8E7E64E2-B4A6-4C0E-8135-1C13D0416318}.Debug|Any CPU.Build.0 = Debug|Any CPU
		{8E7E64E2-B4A6-4C0E-8135-1C13D0416318}.Release|Any CPU.ActiveCfg = Release|Any CPU
		{8E7E64E2-B4A6-4C0E-8135-1C13D0416318}.Release|Any CPU.Build.0 = Release|Any CPU
	EndGlobalSection
	GlobalSection(SolutionProperties) = preSolution
		HideSolutionNode = FALSE
	EndGlobalSection
	GlobalSection(ExtensibilityGlobals) = postSolution
		SolutionGuid = {C887BF33-256E-4D2A-83FB-9FA79D8AAE83}
	EndGlobalSection
EndGlobal
